# @generated by Move, please check-in and do not edit manually.

[move]
version = 2
manifest_digest = "2AE517B7FD5F90E47A27723FFAFB5E45EF3A644551EBDFBDCCB039E510083764"
deps_digest = "F8BBB0CCB2491CA29A3DF03D6F92277A4F3574266507ACD77214D37ECA3F3082"
dependencies = [
  { name = "Sui" },
]

[[move.package]]
name = "MoveStdlib"
source = { git = "https://github.com/MystenLabs/sui.git", rev = "framework/testnet", subdir = "crates/sui-framework/packages/move-stdlib" }

[[move.package]]
name = "Sui"
source = { git = "https://github.com/MystenLabs/sui.git", rev = "framework/testnet", subdir = "crates/sui-framework/packages/sui-framework" }

dependencies = [
  { name = "MoveStdlib" },
]

[move.toolchain-version]
compiler-version = "1.32.0"
edition = "2024.beta"
flavor = "sui"

[env]

[env.devnet]
chain-id = "38d856e7"
original-published-id = "0x1d33dd9093f9c27532f22166f62ec2bbe32a28650a3990ec263c7ae1b4665085"
latest-published-id = "0x1d33dd9093f9c27532f22166f62ec2bbe32a28650a3990ec263c7ae1b4665085"
published-version = "1"

[env.mainnet]
chain-id = "35834a8a"
original-published-id = "0x8fccd21e51a41f506820db81393a3f9cf83c921d520e3524816e28756b870ee7"
latest-published-id = "0x8fccd21e51a41f506820db81393a3f9cf83c921d520e3524816e28756b870ee7"
published-version = "1"
